
Microsoft Visual Studio Solution File, Format Version 12.00
# Visual Studio Version 17
VisualStudioVersion = 17.4.33122.133
MinimumVisualStudioVersion = 10.0.40219.1
Project("{FAE04EC0-301F-11D3-BF4B-00C04F79EFBC}") = "DependencyInjectionDll", "DependencyInjectiondDll\DependencyInjectionDll.csproj", "{65B140E7-E9A5-4F8C-B2C1-A78F8C506A34}"
EndProject
Project("{FAE04EC0-301F-11D3-BF4B-00C04F79EFBC}") = "DependencyInjectionTests", "DependencyInjectionTests\DependencyInjectionTests.csproj", "{7ED6F5B9-6F72-4C5F-876B-182A44367152}"
EndProject
Global
	GlobalSection(SolutionConfigurationPlatforms) = preSolution
		Debug|Any CPU = Debug|Any CPU
		Release|Any CPU = Release|Any CPU
	EndGlobalSection
	GlobalSection(ProjectConfigurationPlatforms) = postSolution
		{65B140E7-E9A5-4F8C-B2C1-A78F8C506A34}.Debug|Any CPU.ActiveCfg = Debug|Any CPU
		{65B140E7-E9A5-4F8C-B2C1-A78F8C506A34}.Debug|Any CPU.Build.0 = Debug|Any CPU
		{65B140E7-E9A5-4F8C-B2C1-A78F8C506A34}.Release|Any CPU.ActiveCfg = Release|Any CPU
		{65B140E7-E9A5-4F8C-B2C1-A78F8C506A34}.Release|Any CPU.Build.0 = Release|Any CPU
		{7ED6F5B9-6F72-4C5F-876B-182A44367152}.Debug|Any CPU.ActiveCfg = Debug|Any CPU
		{7ED6F5B9-6F72-4C5F-876B-182A44367152}.Debug|Any CPU.Build.0 = Debug|Any CPU
		{7ED6F5B9-6F72-4C5F-876B-182A44367152}.Release|Any CPU.ActiveCfg = Release|Any CPU
		{7ED6F5B9-6F72-4C5F-876B-182A44367152}.Release|Any CPU.Build.0 = Release|Any CPU
	EndGlobalSection
	GlobalSection(SolutionProperties) = preSolution
		HideSolutionNode = FALSE
	EndGlobalSection
	GlobalSection(ExtensibilityGlobals) = postSolution
		SolutionGuid = {8181E1E3-1CF7-46F8-88F0-B7608B39A615}
	EndGlobalSection
EndGlobal
